# THIS IS AN AUTOGENERATED FILE. DO NOT EDIT THIS FILE DIRECTLY.
# yarn lockfile v1


"@react-native-google-signin/google-signin@^9.0.2":
  version "9.0.2"
  resolved "https://registry.yarnpkg.com/@react-native-google-signin/google-signin/-/google-signin-9.0.2.tgz#fd9d0cbb58591265c2ea9404b2d2ea7e514b9ea9"
  integrity sha512-oTD0ZT6ZSH7CZjM1i6hR/gFAXv9As7nxhN99XGliNxf6SChZcQRwGeaz1DjoYrWExWDVX00EH1Per3dMjhAWkQ==

react-native-google-signin@^2.1.1:
  version "2.1.1"
  resolved "https://registry.yarnpkg.com/react-native-google-signin/-/react-native-google-signin-2.1.1.tgz#4281940eee88602b0181dd49affdf8c92980c85c"
  integrity sha512-6l3fiLdX/bfhh0BoxGq+jGkagFsO+mrE/eRV4+3/0k8+FDxO90vdPpQdDiwlM5vWXRxWthTzMM09/jHw+4cvNw==
